
Microsoft Visual Studio Solution File, Format Version 12.00
# Visual Studio Version 17
VisualStudioVersion = 17.13.35931.197 d17.13
MinimumVisualStudioVersion = 10.0.40219.1
Project("{FAE04EC0-301F-11D3-BF4B-00C04F79EFBC}") = "MsOfficeApplication", "MsOfficeApplication\MsOfficeApplication.csproj", "{371301B7-989C-43C6-BE90-F798AFE72FA1}"
EndProject
Global
	GlobalSection(SolutionConfigurationPlatforms) = preSolution
		Debug|Any CPU = Debug|Any CPU
		Debug|x64 = Debug|x64
		Release|Any CPU = Release|Any CPU
		Release|x64 = Release|x64
	EndGlobalSection
	GlobalSection(ProjectConfigurationPlatforms) = postSolution
		{371301B7-989C-43C6-BE90-F798AFE72FA1}.Debug|Any CPU.ActiveCfg = Debug|Any CPU
		{371301B7-989C-43C6-BE90-F798AFE72FA1}.Debug|Any CPU.Build.0 = Debug|Any CPU
		{371301B7-989C-43C6-BE90-F798AFE72FA1}.Debug|x64.ActiveCfg = Debug|Any CPU
		{371301B7-989C-43C6-BE90-F798AFE72FA1}.Debug|x64.Build.0 = Debug|Any CPU
		{371301B7-989C-43C6-BE90-F798AFE72FA1}.Release|Any CPU.ActiveCfg = Release|Any CPU
		{371301B7-989C-43C6-BE90-F798AFE72FA1}.Release|Any CPU.Build.0 = Release|Any CPU
		{371301B7-989C-43C6-BE90-F798AFE72FA1}.Release|x64.ActiveCfg = Release|Any CPU
		{371301B7-989C-43C6-BE90-F798AFE72FA1}.Release|x64.Build.0 = Release|Any CPU
	EndGlobalSection
	GlobalSection(SolutionProperties) = preSolution
		HideSolutionNode = FALSE
	EndGlobalSection
	GlobalSection(ExtensibilityGlobals) = postSolution
		SolutionGuid = {D7FDFFC4-0909-4754-A34C-6B03E12DCC91}
	EndGlobalSection
EndGlobal
